
Microsoft Visual Studio Solution File, Format Version 12.00
# Visual Studio Version 17
VisualStudioVersion = 17.8.34525.116
MinimumVisualStudioVersion = 10.0.40219.1
Project("{9A19103F-16F7-4668-BE54-9A1E7A4F7556}") = "SealedClassesAndMethods", "CAAdvancesCSharp\SealedClassesAndMethods.csproj", "{2896B272-34CE-4403-8D64-69131E4713D5}"
EndProject
Project("{9A19103F-16F7-4668-BE54-9A1E7A4F7556}") = "PartialClasses", "PartialClasses\PartialClasses.csproj", "{3067F120-962D-4754-900D-E7E5A3B6D310}"
EndProject
Project("{9A19103F-16F7-4668-BE54-9A1E7A4F7556}") = "StaticClasses", "StaticClasses\StaticClasses.csproj", "{114F3FB2-FDAD-4F18-9920-D5C9D860595A}"
EndProject
Project("{9A19103F-16F7-4668-BE54-9A1E7A4F7556}") = "ExceptionHandling", "ExceptionHandling\ExceptionHandling.csproj", "{5B16B03D-12D7-4D8C-8660-808C7CBD16AB}"
EndProject
Project("{9A19103F-16F7-4668-BE54-9A1E7A4F7556}") = "CAGenerics", "CAGenerics\CAGenerics.csproj", "{BB6E7AEB-68E5-439A-8BD1-6A799B80D938}"
EndProject
Project("{9A19103F-16F7-4668-BE54-9A1E7A4F7556}") = "CollectionsExamples", "CollectionsExamples\CollectionsExamples.csproj", "{0FF34CB9-B63F-401D-B525-A4F6BB7FA9CB}"
EndProject
Project("{FAE04EC0-301F-11D3-BF4B-00C04F79EFBC}") = "ExtensionMethods", "ExtensionMethods\ExtensionMethods.csproj", "{8D58575C-9A63-42C7-B7AA-49258C7BDAEE}"
EndProject
Global
	GlobalSection(SolutionConfigurationPlatforms) = preSolution
		Debug|Any CPU = Debug|Any CPU
		Release|Any CPU = Release|Any CPU
	EndGlobalSection
	GlobalSection(ProjectConfigurationPlatforms) = postSolution
		{2896B272-34CE-4403-8D64-69131E4713D5}.Debug|Any CPU.ActiveCfg = Debug|Any CPU
		{2896B272-34CE-4403-8D64-69131E4713D5}.Debug|Any CPU.Build.0 = Debug|Any CPU
		{2896B272-34CE-4403-8D64-69131E4713D5}.Release|Any CPU.ActiveCfg = Release|Any CPU
		{2896B272-34CE-4403-8D64-69131E4713D5}.Release|Any CPU.Build.0 = Release|Any CPU
		{3067F120-962D-4754-900D-E7E5A3B6D310}.Debug|Any CPU.ActiveCfg = Debug|Any CPU
		{3067F120-962D-4754-900D-E7E5A3B6D310}.Debug|Any CPU.Build.0 = Debug|Any CPU
		{3067F120-962D-4754-900D-E7E5A3B6D310}.Release|Any CPU.ActiveCfg = Release|Any CPU
		{3067F120-962D-4754-900D-E7E5A3B6D310}.Release|Any CPU.Build.0 = Release|Any CPU
		{114F3FB2-FDAD-4F18-9920-D5C9D860595A}.Debug|Any CPU.ActiveCfg = Debug|Any CPU
		{114F3FB2-FDAD-4F18-9920-D5C9D860595A}.Debug|Any CPU.Build.0 = Debug|Any CPU
		{114F3FB2-FDAD-4F18-9920-D5C9D860595A}.Release|Any CPU.ActiveCfg = Release|Any CPU
		{114F3FB2-FDAD-4F18-9920-D5C9D860595A}.Release|Any CPU.Build.0 = Release|Any CPU
		{5B16B03D-12D7-4D8C-8660-808C7CBD16AB}.Debug|Any CPU.ActiveCfg = Debug|Any CPU
		{5B16B03D-12D7-4D8C-8660-808C7CBD16AB}.Debug|Any CPU.Build.0 = Debug|Any CPU
		{5B16B03D-12D7-4D8C-8660-808C7CBD16AB}.Release|Any CPU.ActiveCfg = Release|Any CPU
		{5B16B03D-12D7-4D8C-8660-808C7CBD16AB}.Release|Any CPU.Build.0 = Release|Any CPU
		{BB6E7AEB-68E5-439A-8BD1-6A799B80D938}.Debug|Any CPU.ActiveCfg = Debug|Any CPU
		{BB6E7AEB-68E5-439A-8BD1-6A799B80D938}.Debug|Any CPU.Build.0 = Debug|Any CPU
		{BB6E7AEB-68E5-439A-8BD1-6A799B80D938}.Release|Any CPU.ActiveCfg = Release|Any CPU
		{BB6E7AEB-68E5-439A-8BD1-6A799B80D938}.Release|Any CPU.Build.0 = Release|Any CPU
		{0FF34CB9-B63F-401D-B525-A4F6BB7FA9CB}.Debug|Any CPU.ActiveCfg = Debug|Any CPU
		{0FF34CB9-B63F-401D-B525-A4F6BB7FA9CB}.Debug|Any CPU.Build.0 = Debug|Any CPU
		{0FF34CB9-B63F-401D-B525-A4F6BB7FA9CB}.Release|Any CPU.ActiveCfg = Release|Any CPU
		{0FF34CB9-B63F-401D-B525-A4F6BB7FA9CB}.Release|Any CPU.Build.0 = Release|Any CPU
		{8D58575C-9A63-42C7-B7AA-49258C7BDAEE}.Debug|Any CPU.ActiveCfg = Debug|Any CPU
		{8D58575C-9A63-42C7-B7AA-49258C7BDAEE}.Debug|Any CPU.Build.0 = Debug|Any CPU
		{8D58575C-9A63-42C7-B7AA-49258C7BDAEE}.Release|Any CPU.ActiveCfg = Release|Any CPU
		{8D58575C-9A63-42C7-B7AA-49258C7BDAEE}.Release|Any CPU.Build.0 = Release|Any CPU
	EndGlobalSection
	GlobalSection(SolutionProperties) = preSolution
		HideSolutionNode = FALSE
	EndGlobalSection
	GlobalSection(ExtensibilityGlobals) = postSolution
		SolutionGuid = {F5876BEB-122A-4786-AACE-238B442FBED3}
	EndGlobalSection
EndGlobal
