
Microsoft Visual Studio Solution File, Format Version 12.00
# Visual Studio Version 17
VisualStudioVersion = 17.8.34525.116
MinimumVisualStudioVersion = 10.0.40219.1
Project("{FAE04EC0-301F-11D3-BF4B-00C04F79EFBC}") = "SealedClassesAndMethods", "CAAdvancesCSharp\SealedClassesAndMethods.csproj", "{2896B272-34CE-4403-8D64-69131E4713D5}"
EndProject
Project("{FAE04EC0-301F-11D3-BF4B-00C04F79EFBC}") = "PartialClasses", "PartialClasses\PartialClasses.csproj", "{3067F120-962D-4754-900D-E7E5A3B6D310}"
EndProject
Project("{FAE04EC0-301F-11D3-BF4B-00C04F79EFBC}") = "StaticClasses", "StaticClasses\StaticClasses.csproj", "{114F3FB2-FDAD-4F18-9920-D5C9D860595A}"
EndProject
Global
	GlobalSection(SolutionConfigurationPlatforms) = preSolution
		Debug|Any CPU = Debug|Any CPU
		Release|Any CPU = Release|Any CPU
	EndGlobalSection
	GlobalSection(ProjectConfigurationPlatforms) = postSolution
		{2896B272-34CE-4403-8D64-69131E4713D5}.Debug|Any CPU.ActiveCfg = Debug|Any CPU
		{2896B272-34CE-4403-8D64-69131E4713D5}.Debug|Any CPU.Build.0 = Debug|Any CPU
		{2896B272-34CE-4403-8D64-69131E4713D5}.Release|Any CPU.ActiveCfg = Release|Any CPU
		{2896B272-34CE-4403-8D64-69131E4713D5}.Release|Any CPU.Build.0 = Release|Any CPU
		{3067F120-962D-4754-900D-E7E5A3B6D310}.Debug|Any CPU.ActiveCfg = Debug|Any CPU
		{3067F120-962D-4754-900D-E7E5A3B6D310}.Debug|Any CPU.Build.0 = Debug|Any CPU
		{3067F120-962D-4754-900D-E7E5A3B6D310}.Release|Any CPU.ActiveCfg = Release|Any CPU
		{3067F120-962D-4754-900D-E7E5A3B6D310}.Release|Any CPU.Build.0 = Release|Any CPU
		{114F3FB2-FDAD-4F18-9920-D5C9D860595A}.Debug|Any CPU.ActiveCfg = Debug|Any CPU
		{114F3FB2-FDAD-4F18-9920-D5C9D860595A}.Debug|Any CPU.Build.0 = Debug|Any CPU
		{114F3FB2-FDAD-4F18-9920-D5C9D860595A}.Release|Any CPU.ActiveCfg = Release|Any CPU
		{114F3FB2-FDAD-4F18-9920-D5C9D860595A}.Release|Any CPU.Build.0 = Release|Any CPU
	EndGlobalSection
	GlobalSection(SolutionProperties) = preSolution
		HideSolutionNode = FALSE
	EndGlobalSection
	GlobalSection(ExtensibilityGlobals) = postSolution
		SolutionGuid = {F5876BEB-122A-4786-AACE-238B442FBED3}
	EndGlobalSection
EndGlobal
